// !$*UTF8*$!
{
	archiveVersion = 1;
	classes = {
	};
	objectVersion = 46;
	objects = {

/* Begin PBXBuildFile section */
		4935E3AD1E9E21C600330982 /* AppDelegate.swift in Sources */ = {isa = PBXBuildFile; fileRef = 4935E3AC1E9E21C600330982 /* AppDelegate.swift */; };
		4935E3AF1E9E21C600330982 /* ViewController.swift in Sources */ = {isa = PBXBuildFile; fileRef = 4935E3AE1E9E21C600330982 /* ViewController.swift */; };
		4935E3B21E9E21C600330982 /* Main.storyboard in Resources */ = {isa = PBXBuildFile; fileRef = 4935E3B01E9E21C600330982 /* Main.storyboard */; };
		4935E3B41E9E21C600330982 /* Assets.xcassets in Resources */ = {isa = PBXBuildFile; fileRef = 4935E3B31E9E21C600330982 /* Assets.xcassets */; };
		4935E3B71E9E21C600330982 /* LaunchScreen.storyboard in Resources */ = {isa = PBXBuildFile; fileRef = 4935E3B51E9E21C600330982 /* LaunchScreen.storyboard */; };
/* End PBXBuildFile section */

/* Begin PBXFileReference section */
		4935E3A91E9E21C600330982 /* CHICore.app */ = {isa = PBXFileReference; explicitFileType = wrapper.application; includeInIndex = 0; path = CHICore.app; sourceTree = BUILT_PRODUCTS_DIR; };
		4935E3AC1E9E21C600330982 /* AppDelegate.swift */ = {isa = PBXFileReference; lastKnownFileType = sourcecode.swift; path = AppDelegate.swift; sourceTree = "<group>"; };
		4935E3AE1E9E21C600330982 /* ViewController.swift */ = {isa = PBXFileReference; lastKnownFileType = sourcecode.swift; path = ViewController.swift; sourceTree = "<group>"; };
		4935E3B11E9E21C600330982 /* Base */ = {isa = PBXFileReference; lastKnownFileType = file.storyboard; name = Base; path = Base.lproj/Main.storyboard; sourceTree = "<group>"; };
		4935E3B31E9E21C600330982 /* Assets.xcassets */ = {isa = PBXFileReference; lastKnownFileType = folder.assetcatalog; path = Assets.xcassets; sourceTree = "<group>"; };
		4935E3B61E9E21C600330982 /* Base */ = {isa = PBXFileReference; lastKnownFileType = file.storyboard; name = Base; path = Base.lproj/LaunchScreen.storyboard; sourceTree = "<group>"; };
		4935E3B81E9E21C600330982 /* Info.plist */ = {isa = PBXFileReference; lastKnownFileType = text.plist.xml; path = Info.plist; sourceTree = "<group>"; };
/* End PBXFileReference section */

/* Begin PBXFrameworksBuildPhase section */
		4935E3A61E9E21C600330982 /* Frameworks */ = {
			isa = PBXFrameworksBuildPhase;
			buildActionMask = 2147483647;
			files = (
			);
			runOnlyForDeploymentPostprocessing = 0;
		};
/* End PBXFrameworksBuildPhase section */

/* Begin PBXGroup section */
		4935E3A01E9E21C600330982 = {
			isa = PBXGroup;
			children = (
				4935E3AB1E9E21C600330982 /* CHICore */,
				4935E3AA1E9E21C600330982 /* Products */,
			);
			sourceTree = "<group>";
		};
		4935E3AA1E9E21C600330982 /* Products */ = {
			isa = PBXGroup;
			children = (
				4935E3A91E9E21C600330982 /* CHICore.app */,
			);
			name = Products;
			sourceTree = "<group>";
		};
		4935E3AB1E9E21C600330982 /* CHICore */ = {
			isa = PBXGroup;
			children = (
				4935E3AC1E9E21C600330982 /* AppDelegate.swift */,
				4935E3AE1E9E21C600330982 /* ViewController.swift */,
				4935E3B01E9E21C600330982 /* Main.storyboard */,
				4935E3B31E9E21C600330982 /* Assets.xcassets */,
				4935E3B51E9E21C600330982 /* LaunchScreen.storyboard */,
				4935E3B81E9E21C600330982 /* Info.plist */,
			);
			path = CHICore;
			sourceTree = "<group>";
		};
/* End PBXGroup section */

/* Begin PBXNativeTarget section */
		4935E3A81E9E21C600330982 /* CHICore */ = {
			isa = PBXNativeTarget;
			buildConfigurationList = 4935E3BB1E9E21C600330982 /* Build configuration list for PBXNativeTarget "CHICore" */;
			buildPhases = (
				4935E3A51E9E21C600330982 /* Sources */,
				4935E3A61E9E21C600330982 /* Frameworks */,
				4935E3A71E9E21C600330982 /* Resources */,
			);
			buildRules = (
			);
			dependencies = (
			);
			name = CHICore;
			productName = CHICore;
			productReference = 4935E3A91E9E21C600330982 /* CHICore.app */;
			productType = "com.apple.product-type.application";
		};
/* End PBXNativeTarget section */

/* Begin PBXProject section */
		4935E3A11E9E21C600330982 /* Project object */ = {
			isa = PBXProject;
			attributes = {
				LastSwiftUpdateCheck = 0830;
				LastUpgradeCheck = 0830;
				ORGANIZATIONNAME = Chili;
				TargetAttributes = {
					4935E3A81E9E21C600330982 = {
						CreatedOnToolsVersion = 8.3.1;
						DevelopmentTeam = 4J5NY3YD66;
						ProvisioningStyle = Automatic;
					};
				};
			};
			buildConfigurationList = 4935E3A41E9E21C600330982 /* Build configuration list for PBXProject "CHICore" */;
			compatibilityVersion = "Xcode 3.2";
			developmentRegion = English;
			hasScannedForEncodings = 0;
			knownRegions = (
				en,
				Base,
			);
			mainGroup = 4935E3A01E9E21C600330982;
			productRefGroup = 4935E3AA1E9E21C600330982 /* Products */;
			projectDirPath = "";
			projectRoot = "";
			targets = (
				4935E3A81E9E21C600330982 /* CHICore */,
			);
		};
/* End PBXProject section */

/* Begin PBXResourcesBuildPhase section */
		4935E3A71E9E21C600330982 /* Resources */ = {
			isa = PBXResourcesBuildPhase;
			buildActionMask = 2147483647;
			files = (
				4935E3B71E9E21C600330982 /* LaunchScreen.storyboard in Resources */,
				4935E3B41E9E21C600330982 /* Assets.xcassets in Resources */,
				4935E3B21E9E21C600330982 /* Main.storyboard in Resources */,
			);
			runOnlyForDeploymentPostprocessing = 0;
		};
/* End PBXResourcesBuildPhase section */

/* Begin PBXSourcesBuildPhase section */
		4935E3A51E9E21C600330982 /* Sources */ = {
			isa = PBXSourcesBuildPhase;
			buildActionMask = 2147483647;
			files = (
				4935E3AF1E9E21C600330982 /* ViewController.swift in Sources */,
				4935E3AD1E9E21C600330982 /* AppDelegate.swift in Sources */,
			);
			runOnlyForDeploymentPostprocessing = 0;
		};
/* End PBXSourcesBuildPhase section */

/* Begin PBXVariantGroup section */
		4935E3B01E9E21C600330982 /* Main.storyboard */ = {
			isa = PBXVariantGroup;
			children = (
				4935E3B11E9E21C600330982 /* Base */,
			);
			name = Main.storyboard;
			sourceTree = "<group>";
		};
		4935E3B51E9E21C600330982 /* LaunchScreen.storyboard */ = {
			isa = PBXVariantGroup;
			children = (
				4935E3B61E9E21C600330982 /* Base */,
			);
			name = LaunchScreen.storyboard;
			sourceTree = "<group>";
		};
/* End PBXVariantGroup section */

/* Begin XCBuildConfiguration section */
		4935E3B91E9E21C600330982 /* Debug */ = {
			isa = XCBuildConfiguration;
			buildSettings = {
				ALWAYS_SEARCH_USER_PATHS = NO;
				CLANG_ANALYZER_NONNULL = YES;
				CLANG_ANALYZER_NUMBER_OBJECT_CONVERSION = YES_AGGRESSIVE;
				CLANG_CXX_LANGUAGE_STANDARD = "gnu++0x";
				CLANG_CXX_LIBRARY = "libc++";
				CLANG_ENABLE_MODULES = YES;
				CLANG_ENABLE_OBJC_ARC = YES;
				CLANG_WARN_BOOL_CONVERSION = YES;
				CLANG_WARN_CONSTANT_CONVERSION = YES;
				CLANG_WARN_DIRECT_OBJC_ISA_USAGE = YES_ERROR;
				CLANG_WARN_DOCUMENTATION_COMMENTS = YES;
				CLANG_WARN_EMPTY_BODY = YES;
				CLANG_WARN_ENUM_CONVERSION = YES;
				CLANG_WARN_INFINITE_RECURSION = YES;
				CLANG_WARN_INT_CONVERSION = YES;
				CLANG_WARN_OBJC_ROOT_CLASS = YES_ERROR;
				CLANG_WARN_SUSPICIOUS_MOVE = YES;
				CLANG_WARN_UNREACHABLE_CODE = YES;
				CLANG_WARN__DUPLICATE_METHOD_MATCH = YES;
				"CODE_SIGN_IDENTITY[sdk=iphoneos*]" = "iPhone Developer";
				COPY_PHASE_STRIP = NO;
				DEBUG_INFORMATION_FORMAT = dwarf;
				ENABLE_STRICT_OBJC_MSGSEND = YES;
				ENABLE_TESTABILITY = YES;
				GCC_C_LANGUAGE_STANDARD = gnu99;
				GCC_DYNAMIC_NO_PIC = NO;
				GCC_NO_COMMON_BLOCKS = YES;
				GCC_OPTIMIZATION_LEVEL = 0;
				GCC_PREPROCESSOR_DEFINITIONS = (
					"DEBUG=1",
					"$(inherited)",
				);
				GCC_WARN_64_TO_32_BIT_CONVERSION = YES;
				GCC_WARN_ABOUT_RETURN_TYPE = YES_ERROR;
				GCC_WARN_UNDECLARED_SELECTOR = YES;
				GCC_WARN_UNINITIALIZED_AUTOS = YES_AGGRESSIVE;
				GCC_WARN_UNUSED_FUNCTION = YES;
				GCC_WARN_UNUSED_VARIABLE = YES;
				IPHONEOS_DEPLOYMENT_TARGET = 10.3;
				MTL_ENABLE_DEBUG_INFO = YES;
				ONLY_ACTIVE_ARCH = YES;
				SDKROOT = iphoneos;
				SWIFT_ACTIVE_COMPILATION_CONDITIONS = DEBUG;
				SWIFT_OPTIMIZATION_LEVEL = "-Onone";
			};
			name = Debug;
		};
		4935E3BA1E9E21C600330982 /* Release */ = {
			isa = XCBuildConfiguration;
			buildSettings = {
				ALWAYS_SEARCH_USER_PATHS = NO;
				CLANG_ANALYZER_NONNULL = YES;
				CLANG_ANALYZER_NUMBER_OBJECT_CONVERSION = YES_AGGRESSIVE;
				CLANG_CXX_LANGUAGE_STANDARD = "gnu++0x";
				CLANG_CXX_LIBRARY = "libc++";
				CLANG_ENABLE_MODULES = YES;
				CLANG_ENABLE_OBJC_ARC = YES;
				CLANG_WARN_BOOL_CONVERSION = YES;
				CLANG_WARN_CONSTANT_CONVERSION = YES;
				CLANG_WARN_DIRECT_OBJC_ISA_USAGE = YES_ERROR;
				CLANG_WARN_DOCUMENTATION_COMMENTS = YES;
				CLANG_WARN_EMPTY_BODY = YES;
				CLANG_WARN_ENUM_CONVERSION = YES;
				CLANG_WARN_INFINITE_RECURSION = YES;
				CLANG_WARN_INT_CONVERSION = YES;
				CLANG_WARN_OBJC_ROOT_CLASS = YES_ERROR;
				CLANG_WARN_SUSPICIOUS_MOVE = YES;
				CLANG_WARN_UNREACHABLE_CODE = YES;
				CLANG_WARN__DUPLICATE_METHOD_MATCH = YES;
				"CODE_SIGN_IDENTITY[sdk=iphoneos*]" = "iPhone Developer";
				COPY_PHASE_STRIP = NO;
				DEBUG_INFORMATION_FORMAT = "dwarf-with-dsym";
				ENABLE_NS_ASSERTIONS = NO;
				ENABLE_STRICT_OBJC_MSGSEND = YES;
				GCC_C_LANGUAGE_STANDARD = gnu99;
				GCC_NO_COMMON_BLOCKS = YES;
				GCC_WARN_64_TO_32_BIT_CONVERSION = YES;
				GCC_WARN_ABOUT_RETURN_TYPE = YES_ERROR;
				GCC_WARN_UNDECLARED_SELECTOR = YES;
				GCC_WARN_UNINITIALIZED_AUTOS = YES_AGGRESSIVE;
				GCC_WARN_UNUSED_FUNCTION = YES;
				GCC_WARN_UNUSED_VARIABLE = YES;
				IPHONEOS_DEPLOYMENT_TARGET = 10.3;
				MTL_ENABLE_DEBUG_INFO = NO;
				SDKROOT = iphoneos;
				SWIFT_OPTIMIZATION_LEVEL = "-Owholemodule";
				VALIDATE_PRODUCT = YES;
			};
			name = Release;
		};
		4935E3BC1E9E21C600330982 /* Debug */ = {
			isa = XCBuildConfiguration;
			buildSettings = {
				ASSETCATALOG_COMPILER_APPICON_NAME = AppIcon;
				DEVELOPMENT_TEAM = 4J5NY3YD66;
				INFOPLIST_FILE = CHICore/Info.plist;
				LD_RUNPATH_SEARCH_PATHS = "$(inherited) @executable_path/Frameworks";
				PRODUCT_BUNDLE_IDENTIFIER = lv.chi.CHICore;
				PRODUCT_NAME = "$(TARGET_NAME)";
				SWIFT_VERSION = 3.0;
			};
			name = Debug;
		};
		4935E3BD1E9E21C600330982 /* Release */ = {
			isa = XCBuildConfiguration;
			buildSettings = {
				ASSETCATALOG_COMPILER_APPICON_NAME = AppIcon;
				DEVELOPMENT_TEAM = 4J5NY3YD66;
				INFOPLIST_FILE = CHICore/Info.plist;
				LD_RUNPATH_SEARCH_PATHS = "$(inherited) @executable_path/Frameworks";
				PRODUCT_BUNDLE_IDENTIFIER = lv.chi.CHICore;
				PRODUCT_NAME = "$(TARGET_NAME)";
				SWIFT_VERSION = 3.0;
			};
			name = Release;
		};
/* End XCBuildConfiguration section */

/* Begin XCConfigurationList section */
		4935E3A41E9E21C600330982 /* Build configuration list for PBXProject "CHICore" */ = {
			isa = XCConfigurationList;
			buildConfigurations = (
				4935E3B91E9E21C600330982 /* Debug */,
				4935E3BA1E9E21C600330982 /* Release */,
			);
			defaultConfigurationIsVisible = 0;
			defaultConfigurationName = Release;
		};
		4935E3BB1E9E21C600330982 /* Build configuration list for PBXNativeTarget "CHICore" */ = {
			isa = XCConfigurationList;
			buildConfigurations = (
				4935E3BC1E9E21C600330982 /* Debug */,
				4935E3BD1E9E21C600330982 /* Release */,
			);
			defaultConfigurationIsVisible = 0;
		};
/* End XCConfigurationList section */
	};
	rootObject = 4935E3A11E9E21C600330982 /* Project object */;
}
